
Microsoft Visual Studio Solution File, Format Version 9.00
# Visual Studio 2005
Project("{8BC9CEB8-8B4A-11D0-8D11-00A0C91BC942}") = "Rampart", "Rampart\Rampart.vcproj", "{671F4A6A-3465-4735-95BB-2E1202EA981A}"
EndProject
Project("{2150E333-8FDC-42A3-9474-1A3956D46DE8}") = "Client", "Client", "{33B1D21E-231D-4719-99B7-62613E213B48}"
EndProject
Project("{2150E333-8FDC-42A3-9474-1A3956D46DE8}") = "Service", "Service", "{5578A1AF-D737-430F-BD61-87D1C265407D}"
EndProject
Project("{2150E333-8FDC-42A3-9474-1A3956D46DE8}") = "PluggableDrivers", "PluggableDrivers", "{9AA0E397-5B2E-4498-B276-2ECB9B2E7E50}"
EndProject
Project("{8BC9CEB8-8B4A-11D0-8D11-00A0C91BC942}") = "client", "..\sample\client\client.vcproj", "{480F0BE2-F245-474F-A9AE-B614800ECF9D}"
	ProjectSection(ProjectDependencies) = postProject
		{671F4A6A-3465-4735-95BB-2E1202EA981A} = {671F4A6A-3465-4735-95BB-2E1202EA981A}
	EndProjectSection
EndProject
Project("{8BC9CEB8-8B4A-11D0-8D11-00A0C91BC942}") = "sec_echo_service", "..\sample\sec_echo_service\sec_echo_service.vcproj", "{50EECA66-0081-47DD-9708-69E4AEAD7894}"
	ProjectSection(ProjectDependencies) = postProject
		{671F4A6A-3465-4735-95BB-2E1202EA981A} = {671F4A6A-3465-4735-95BB-2E1202EA981A}
	EndProjectSection
EndProject
Project("{8BC9CEB8-8B4A-11D0-8D11-00A0C91BC942}") = "secconv_echo_service", "..\sample\secconv_echo_service\secconv_echo_service.vcproj", "{21B83F44-194A-4274-9B71-8953A95BA497}"
	ProjectSection(ProjectDependencies) = postProject
		{671F4A6A-3465-4735-95BB-2E1202EA981A} = {671F4A6A-3465-4735-95BB-2E1202EA981A}
	EndProjectSection
EndProject
Project("{8BC9CEB8-8B4A-11D0-8D11-00A0C91BC942}") = "saml_sts", "..\sample\saml_sts\saml_sts.vcproj", "{12374617-95C2-4548-98CF-7ABEB6A821D1}"
	ProjectSection(ProjectDependencies) = postProject
		{671F4A6A-3465-4735-95BB-2E1202EA981A} = {671F4A6A-3465-4735-95BB-2E1202EA981A}
	EndProjectSection
EndProject
Project("{8BC9CEB8-8B4A-11D0-8D11-00A0C91BC942}") = "authn_provider", "..\sample\authn_provider\authn_provider.vcproj", "{C24AF9EF-38A5-4873-A16B-D579E8C15B20}"
	ProjectSection(ProjectDependencies) = postProject
		{671F4A6A-3465-4735-95BB-2E1202EA981A} = {671F4A6A-3465-4735-95BB-2E1202EA981A}
	EndProjectSection
EndProject
Project("{8BC9CEB8-8B4A-11D0-8D11-00A0C91BC942}") = "password_callback", "..\sample\password_callback\password_callback.vcproj", "{DE0086E1-6A03-4120-B8A2-0784DA52028A}"
	ProjectSection(ProjectDependencies) = postProject
		{671F4A6A-3465-4735-95BB-2E1202EA981A} = {671F4A6A-3465-4735-95BB-2E1202EA981A}
	EndProjectSection
EndProject
Project("{8BC9CEB8-8B4A-11D0-8D11-00A0C91BC942}") = "replay_detector", "..\sample\replay_detector\replay_detector.vcproj", "{B4B87CE3-F828-4F32-8548-96235D48B5C4}"
	ProjectSection(ProjectDependencies) = postProject
		{671F4A6A-3465-4735-95BB-2E1202EA981A} = {671F4A6A-3465-4735-95BB-2E1202EA981A}
	EndProjectSection
EndProject
Project("{8BC9CEB8-8B4A-11D0-8D11-00A0C91BC942}") = "sct_provider", "..\sample\sct_provider\sct_provider.vcproj", "{027CC7EC-4615-4D2A-9BD7-D55490E75961}"
	ProjectSection(ProjectDependencies) = postProject
		{671F4A6A-3465-4735-95BB-2E1202EA981A} = {671F4A6A-3465-4735-95BB-2E1202EA981A}
	EndProjectSection
EndProject
Project("{8BC9CEB8-8B4A-11D0-8D11-00A0C91BC942}") = "Rahas", "Rahas\Rahas.vcproj", "{C8F24E4B-1F89-4E3D-A969-A3DB376A5606}"
	ProjectSection(ProjectDependencies) = postProject
		{671F4A6A-3465-4735-95BB-2E1202EA981A} = {671F4A6A-3465-4735-95BB-2E1202EA981A}
	EndProjectSection
EndProject
Project("{8BC9CEB8-8B4A-11D0-8D11-00A0C91BC942}") = "sct_provider_hash_map", "..\sample\sct_provider_hash_map\sct_provider_hash_map.vcproj", "{5A2EC04F-5424-425E-A652-BA53685FAF05}"
	ProjectSection(ProjectDependencies) = postProject
		{671F4A6A-3465-4735-95BB-2E1202EA981A} = {671F4A6A-3465-4735-95BB-2E1202EA981A}
	EndProjectSection
EndProject
Project("{8BC9CEB8-8B4A-11D0-8D11-00A0C91BC942}") = "credential_provider", "..\sample\credential_provider\credential_provider.vcproj", "{09769722-4EDF-42ED-B606-123DF8AFF27E}"
	ProjectSection(ProjectDependencies) = postProject
		{671F4A6A-3465-4735-95BB-2E1202EA981A} = {671F4A6A-3465-4735-95BB-2E1202EA981A}
	EndProjectSection
EndProject
Project("{2150E333-8FDC-42A3-9474-1A3956D46DE8}") = "Utility", "Utility", "{45B7D0A2-2332-4915-B92F-2FAFDFEA5788}"
EndProject
Project("{8BC9CEB8-8B4A-11D0-8D11-00A0C91BC942}") = "Data", "..\sample\Data\Data.vcproj", "{8904DD1E-3BAE-4A83-B231-6959604F13CD}"
	ProjectSection(ProjectDependencies) = postProject
		{C24AF9EF-38A5-4873-A16B-D579E8C15B20} = {C24AF9EF-38A5-4873-A16B-D579E8C15B20}
		{027CC7EC-4615-4D2A-9BD7-D55490E75961} = {027CC7EC-4615-4D2A-9BD7-D55490E75961}
		{B4B87CE3-F828-4F32-8548-96235D48B5C4} = {B4B87CE3-F828-4F32-8548-96235D48B5C4}
		{480F0BE2-F245-474F-A9AE-B614800ECF9D} = {480F0BE2-F245-474F-A9AE-B614800ECF9D}
		{DE0086E1-6A03-4120-B8A2-0784DA52028A} = {DE0086E1-6A03-4120-B8A2-0784DA52028A}
		{75E5D0AD-BE50-40B9-9DAF-DEB69E18FD36} = {75E5D0AD-BE50-40B9-9DAF-DEB69E18FD36}
		{671F4A6A-3465-4735-95BB-2E1202EA981A} = {671F4A6A-3465-4735-95BB-2E1202EA981A}
		{50EECA66-0081-47DD-9708-69E4AEAD7894} = {50EECA66-0081-47DD-9708-69E4AEAD7894}
		{5A2EC04F-5424-425E-A652-BA53685FAF05} = {5A2EC04F-5424-425E-A652-BA53685FAF05}
		{C8F24E4B-1F89-4E3D-A969-A3DB376A5606} = {C8F24E4B-1F89-4E3D-A969-A3DB376A5606}
		{21B83F44-194A-4274-9B71-8953A95BA497} = {21B83F44-194A-4274-9B71-8953A95BA497}
		{78D17639-322C-417A-BB8D-CB1FD1A75038} = {78D17639-322C-417A-BB8D-CB1FD1A75038}
		{09769722-4EDF-42ED-B606-123DF8AFF27E} = {09769722-4EDF-42ED-B606-123DF8AFF27E}
		{12374617-95C2-4548-98CF-7ABEB6A821D1} = {12374617-95C2-4548-98CF-7ABEB6A821D1}
	EndProjectSection
EndProject
Project("{8BC9CEB8-8B4A-11D0-8D11-00A0C91BC942}") = "saml_echo_client", "..\sample\saml_echo_client\saml_echo_client.vcproj", "{75E5D0AD-BE50-40B9-9DAF-DEB69E18FD36}"
	ProjectSection(ProjectDependencies) = postProject
		{671F4A6A-3465-4735-95BB-2E1202EA981A} = {671F4A6A-3465-4735-95BB-2E1202EA981A}
	EndProjectSection
EndProject
Project("{8BC9CEB8-8B4A-11D0-8D11-00A0C91BC942}") = "issued_token", "..\sample\issued_token\issued_token.vcproj", "{78D17639-322C-417A-BB8D-CB1FD1A75038}"
	ProjectSection(ProjectDependencies) = postProject
		{671F4A6A-3465-4735-95BB-2E1202EA981A} = {671F4A6A-3465-4735-95BB-2E1202EA981A}
	EndProjectSection
EndProject
Project("{8BC9CEB8-8B4A-11D0-8D11-00A0C91BC942}") = "secpolicy", "..\sample\secpolicy\secpolicy.vcproj", "{253F993E-AABA-4E94-987F-40456B0435D4}"
EndProject
Global
	GlobalSection(SolutionConfigurationPlatforms) = preSolution
		Debug|Win32 = Debug|Win32
		Release|Win32 = Release|Win32
	EndGlobalSection
	GlobalSection(ProjectConfigurationPlatforms) = postSolution
		{671F4A6A-3465-4735-95BB-2E1202EA981A}.Debug|Win32.ActiveCfg = Debug|Win32
		{671F4A6A-3465-4735-95BB-2E1202EA981A}.Debug|Win32.Build.0 = Debug|Win32
		{671F4A6A-3465-4735-95BB-2E1202EA981A}.Release|Win32.ActiveCfg = Release|Win32
		{671F4A6A-3465-4735-95BB-2E1202EA981A}.Release|Win32.Build.0 = Release|Win32
		{480F0BE2-F245-474F-A9AE-B614800ECF9D}.Debug|Win32.ActiveCfg = Debug|Win32
		{480F0BE2-F245-474F-A9AE-B614800ECF9D}.Debug|Win32.Build.0 = Debug|Win32
		{480F0BE2-F245-474F-A9AE-B614800ECF9D}.Release|Win32.ActiveCfg = Release|Win32
		{480F0BE2-F245-474F-A9AE-B614800ECF9D}.Release|Win32.Build.0 = Release|Win32
		{50EECA66-0081-47DD-9708-69E4AEAD7894}.Debug|Win32.ActiveCfg = Debug|Win32
		{50EECA66-0081-47DD-9708-69E4AEAD7894}.Debug|Win32.Build.0 = Debug|Win32
		{50EECA66-0081-47DD-9708-69E4AEAD7894}.Release|Win32.ActiveCfg = Release|Win32
		{50EECA66-0081-47DD-9708-69E4AEAD7894}.Release|Win32.Build.0 = Release|Win32
		{21B83F44-194A-4274-9B71-8953A95BA497}.Debug|Win32.ActiveCfg = Debug|Win32
		{21B83F44-194A-4274-9B71-8953A95BA497}.Debug|Win32.Build.0 = Debug|Win32
		{21B83F44-194A-4274-9B71-8953A95BA497}.Release|Win32.ActiveCfg = Release|Win32
		{21B83F44-194A-4274-9B71-8953A95BA497}.Release|Win32.Build.0 = Release|Win32
		{12374617-95C2-4548-98CF-7ABEB6A821D1}.Debug|Win32.ActiveCfg = Debug|Win32
		{12374617-95C2-4548-98CF-7ABEB6A821D1}.Debug|Win32.Build.0 = Debug|Win32
		{12374617-95C2-4548-98CF-7ABEB6A821D1}.Release|Win32.ActiveCfg = Release|Win32
		{12374617-95C2-4548-98CF-7ABEB6A821D1}.Release|Win32.Build.0 = Release|Win32
		{C24AF9EF-38A5-4873-A16B-D579E8C15B20}.Debug|Win32.ActiveCfg = Debug|Win32
		{C24AF9EF-38A5-4873-A16B-D579E8C15B20}.Debug|Win32.Build.0 = Debug|Win32
		{C24AF9EF-38A5-4873-A16B-D579E8C15B20}.Release|Win32.ActiveCfg = Release|Win32
		{C24AF9EF-38A5-4873-A16B-D579E8C15B20}.Release|Win32.Build.0 = Release|Win32
		{DE0086E1-6A03-4120-B8A2-0784DA52028A}.Debug|Win32.ActiveCfg = Debug|Win32
		{DE0086E1-6A03-4120-B8A2-0784DA52028A}.Debug|Win32.Build.0 = Debug|Win32
		{DE0086E1-6A03-4120-B8A2-0784DA52028A}.Release|Win32.ActiveCfg = Release|Win32
		{DE0086E1-6A03-4120-B8A2-0784DA52028A}.Release|Win32.Build.0 = Release|Win32
		{B4B87CE3-F828-4F32-8548-96235D48B5C4}.Debug|Win32.ActiveCfg = Debug|Win32
		{B4B87CE3-F828-4F32-8548-96235D48B5C4}.Debug|Win32.Build.0 = Debug|Win32
		{B4B87CE3-F828-4F32-8548-96235D48B5C4}.Release|Win32.ActiveCfg = Release|Win32
		{B4B87CE3-F828-4F32-8548-96235D48B5C4}.Release|Win32.Build.0 = Release|Win32
		{027CC7EC-4615-4D2A-9BD7-D55490E75961}.Debug|Win32.ActiveCfg = Debug|Win32
		{027CC7EC-4615-4D2A-9BD7-D55490E75961}.Debug|Win32.Build.0 = Debug|Win32
		{027CC7EC-4615-4D2A-9BD7-D55490E75961}.Release|Win32.ActiveCfg = Release|Win32
		{027CC7EC-4615-4D2A-9BD7-D55490E75961}.Release|Win32.Build.0 = Release|Win32
		{C8F24E4B-1F89-4E3D-A969-A3DB376A5606}.Debug|Win32.ActiveCfg = Debug|Win32
		{C8F24E4B-1F89-4E3D-A969-A3DB376A5606}.Debug|Win32.Build.0 = Debug|Win32
		{C8F24E4B-1F89-4E3D-A969-A3DB376A5606}.Release|Win32.ActiveCfg = Release|Win32
		{C8F24E4B-1F89-4E3D-A969-A3DB376A5606}.Release|Win32.Build.0 = Release|Win32
		{5A2EC04F-5424-425E-A652-BA53685FAF05}.Debug|Win32.ActiveCfg = Debug|Win32
		{5A2EC04F-5424-425E-A652-BA53685FAF05}.Debug|Win32.Build.0 = Debug|Win32
		{5A2EC04F-5424-425E-A652-BA53685FAF05}.Release|Win32.ActiveCfg = Release|Win32
		{5A2EC04F-5424-425E-A652-BA53685FAF05}.Release|Win32.Build.0 = Release|Win32
		{09769722-4EDF-42ED-B606-123DF8AFF27E}.Debug|Win32.ActiveCfg = Debug|Win32
		{09769722-4EDF-42ED-B606-123DF8AFF27E}.Debug|Win32.Build.0 = Debug|Win32
		{09769722-4EDF-42ED-B606-123DF8AFF27E}.Release|Win32.ActiveCfg = Release|Win32
		{09769722-4EDF-42ED-B606-123DF8AFF27E}.Release|Win32.Build.0 = Release|Win32
		{8904DD1E-3BAE-4A83-B231-6959604F13CD}.Debug|Win32.ActiveCfg = Debug|Win32
		{8904DD1E-3BAE-4A83-B231-6959604F13CD}.Debug|Win32.Build.0 = Debug|Win32
		{8904DD1E-3BAE-4A83-B231-6959604F13CD}.Release|Win32.ActiveCfg = Release|Win32
		{8904DD1E-3BAE-4A83-B231-6959604F13CD}.Release|Win32.Build.0 = Release|Win32
		{75E5D0AD-BE50-40B9-9DAF-DEB69E18FD36}.Debug|Win32.ActiveCfg = Debug|Win32
		{75E5D0AD-BE50-40B9-9DAF-DEB69E18FD36}.Debug|Win32.Build.0 = Debug|Win32
		{75E5D0AD-BE50-40B9-9DAF-DEB69E18FD36}.Release|Win32.ActiveCfg = Release|Win32
		{75E5D0AD-BE50-40B9-9DAF-DEB69E18FD36}.Release|Win32.Build.0 = Release|Win32
		{78D17639-322C-417A-BB8D-CB1FD1A75038}.Debug|Win32.ActiveCfg = Debug|Win32
		{78D17639-322C-417A-BB8D-CB1FD1A75038}.Debug|Win32.Build.0 = Debug|Win32
		{78D17639-322C-417A-BB8D-CB1FD1A75038}.Release|Win32.ActiveCfg = Release|Win32
		{78D17639-322C-417A-BB8D-CB1FD1A75038}.Release|Win32.Build.0 = Release|Win32
		{253F993E-AABA-4E94-987F-40456B0435D4}.Debug|Win32.ActiveCfg = Debug|Win32
		{253F993E-AABA-4E94-987F-40456B0435D4}.Release|Win32.ActiveCfg = Release|Win32
		{253F993E-AABA-4E94-987F-40456B0435D4}.Release|Win32.Build.0 = Release|Win32
	EndGlobalSection
	GlobalSection(SolutionProperties) = preSolution
		HideSolutionNode = FALSE
	EndGlobalSection
	GlobalSection(NestedProjects) = preSolution
		{480F0BE2-F245-474F-A9AE-B614800ECF9D} = {33B1D21E-231D-4719-99B7-62613E213B48}
		{75E5D0AD-BE50-40B9-9DAF-DEB69E18FD36} = {33B1D21E-231D-4719-99B7-62613E213B48}
		{78D17639-322C-417A-BB8D-CB1FD1A75038} = {33B1D21E-231D-4719-99B7-62613E213B48}
		{50EECA66-0081-47DD-9708-69E4AEAD7894} = {5578A1AF-D737-430F-BD61-87D1C265407D}
		{21B83F44-194A-4274-9B71-8953A95BA497} = {5578A1AF-D737-430F-BD61-87D1C265407D}
		{12374617-95C2-4548-98CF-7ABEB6A821D1} = {5578A1AF-D737-430F-BD61-87D1C265407D}
		{C24AF9EF-38A5-4873-A16B-D579E8C15B20} = {9AA0E397-5B2E-4498-B276-2ECB9B2E7E50}
		{DE0086E1-6A03-4120-B8A2-0784DA52028A} = {9AA0E397-5B2E-4498-B276-2ECB9B2E7E50}
		{B4B87CE3-F828-4F32-8548-96235D48B5C4} = {9AA0E397-5B2E-4498-B276-2ECB9B2E7E50}
		{027CC7EC-4615-4D2A-9BD7-D55490E75961} = {9AA0E397-5B2E-4498-B276-2ECB9B2E7E50}
		{5A2EC04F-5424-425E-A652-BA53685FAF05} = {9AA0E397-5B2E-4498-B276-2ECB9B2E7E50}
		{09769722-4EDF-42ED-B606-123DF8AFF27E} = {9AA0E397-5B2E-4498-B276-2ECB9B2E7E50}
		{8904DD1E-3BAE-4A83-B231-6959604F13CD} = {45B7D0A2-2332-4915-B92F-2FAFDFEA5788}
		{253F993E-AABA-4E94-987F-40456B0435D4} = {45B7D0A2-2332-4915-B92F-2FAFDFEA5788}
	EndGlobalSection
EndGlobal
