
Microsoft Visual Studio Solution File, Format Version 9.00
# Visual Studio 2005
Project("{8BC9CEB8-8B4A-11D0-8D11-00A0C91BC942}") = "authn_provider", "authn_provider.vcproj", "{C24AF9EF-38A5-4873-A16B-D579E8C15B20}"
EndProject
Global
	GlobalSection(SolutionConfigurationPlatforms) = preSolution
		Debug|Win32 = Debug|Win32
		Release|Win32 = Release|Win32
	EndGlobalSection
	GlobalSection(ProjectConfigurationPlatforms) = postSolution
		{C24AF9EF-38A5-4873-A16B-D579E8C15B20}.Debug|Win32.ActiveCfg = Debug|Win32
		{C24AF9EF-38A5-4873-A16B-D579E8C15B20}.Debug|Win32.Build.0 = Debug|Win32
		{C24AF9EF-38A5-4873-A16B-D579E8C15B20}.Release|Win32.ActiveCfg = Release|Win32
		{C24AF9EF-38A5-4873-A16B-D579E8C15B20}.Release|Win32.Build.0 = Release|Win32
	EndGlobalSection
	GlobalSection(SolutionProperties) = preSolution
		HideSolutionNode = FALSE
	EndGlobalSection
EndGlobal
